// !$*UTF8*$!
{
	archiveVersion = 1;
	classes = {
	};
	objectVersion = 50;
	objects = {

/* Begin PBXBuildFile section */
		4E5F50F92704755500236D99 /* AppDelegate.swift in Sources */ = {isa = PBXBuildFile; fileRef = 4E5F50F82704755500236D99 /* AppDelegate.swift */; };
		4E5F50FB2704755500236D99 /* SceneDelegate.swift in Sources */ = {isa = PBXBuildFile; fileRef = 4E5F50FA2704755500236D99 /* SceneDelegate.swift */; };
		4E5F51002704755500236D99 /* Main.storyboard in Resources */ = {isa = PBXBuildFile; fileRef = 4E5F50FE2704755500236D99 /* Main.storyboard */; };
		4E5F51022704756100236D99 /* Assets.xcassets in Resources */ = {isa = PBXBuildFile; fileRef = 4E5F51012704756100236D99 /* Assets.xcassets */; };
		4E5F51052704756100236D99 /* LaunchScreen.storyboard in Resources */ = {isa = PBXBuildFile; fileRef = 4E5F51032704756100236D99 /* LaunchScreen.storyboard */; };
		4E5F51102704756200236D99 /* AcronymsListTests.swift in Sources */ = {isa = PBXBuildFile; fileRef = 4E5F510F2704756200236D99 /* AcronymsListTests.swift */; };
		4E5F511B2704756200236D99 /* AcronymsListUITests.swift in Sources */ = {isa = PBXBuildFile; fileRef = 4E5F511A2704756200236D99 /* AcronymsListUITests.swift */; };
		4E5F512D270475A800236D99 /* ViewController.swift in Sources */ = {isa = PBXBuildFile; fileRef = 4E5F512C270475A800236D99 /* ViewController.swift */; };
		4E5F51362704764600236D99 /* AcronymsModel.swift in Sources */ = {isa = PBXBuildFile; fileRef = 4E5F51352704764600236D99 /* AcronymsModel.swift */; };
		4E5F513F270476FC00236D99 /* AcronymsViewModel.swift in Sources */ = {isa = PBXBuildFile; fileRef = 4E5F513E270476FC00236D99 /* AcronymsViewModel.swift */; };
		4E5F51472704778900236D99 /* Constant.swift in Sources */ = {isa = PBXBuildFile; fileRef = 4E5F51462704778900236D99 /* Constant.swift */; };
/* End PBXBuildFile section */

/* Begin PBXContainerItemProxy section */
		4E5F510C2704756200236D99 /* PBXContainerItemProxy */ = {
			isa = PBXContainerItemProxy;
			containerPortal = 4E5F50ED2704755500236D99 /* Project object */;
			proxyType = 1;
			remoteGlobalIDString = 4E5F50F42704755500236D99;
			remoteInfo = AcronymsList;
		};
		4E5F51172704756200236D99 /* PBXContainerItemProxy */ = {
			isa = PBXContainerItemProxy;
			containerPortal = 4E5F50ED2704755500236D99 /* Project object */;
			proxyType = 1;
			remoteGlobalIDString = 4E5F50F42704755500236D99;
			remoteInfo = AcronymsList;
		};
/* End PBXContainerItemProxy section */

/* Begin PBXFileReference section */
		4E5F50F52704755500236D99 /* AcronymsList.app */ = {isa = PBXFileReference; explicitFileType = wrapper.application; includeInIndex = 0; path = AcronymsList.app; sourceTree = BUILT_PRODUCTS_DIR; };
		4E5F50F82704755500236D99 /* AppDelegate.swift */ = {isa = PBXFileReference; lastKnownFileType = sourcecode.swift; path = AppDelegate.swift; sourceTree = "<group>"; };
		4E5F50FA2704755500236D99 /* SceneDelegate.swift */ = {isa = PBXFileReference; lastKnownFileType = sourcecode.swift; path = SceneDelegate.swift; sourceTree = "<group>"; };
		4E5F50FF2704755500236D99 /* Base */ = {isa = PBXFileReference; lastKnownFileType = file.storyboard; name = Base; path = Base.lproj/Main.storyboard; sourceTree = "<group>"; };
		4E5F51012704756100236D99 /* Assets.xcassets */ = {isa = PBXFileReference; lastKnownFileType = folder.assetcatalog; path = Assets.xcassets; sourceTree = "<group>"; };
		4E5F51042704756100236D99 /* Base */ = {isa = PBXFileReference; lastKnownFileType = file.storyboard; name = Base; path = Base.lproj/LaunchScreen.storyboard; sourceTree = "<group>"; };
		4E5F51062704756100236D99 /* Info.plist */ = {isa = PBXFileReference; lastKnownFileType = text.plist.xml; path = Info.plist; sourceTree = "<group>"; };
		4E5F510B2704756200236D99 /* AcronymsListTests.xctest */ = {isa = PBXFileReference; explicitFileType = wrapper.cfbundle; includeInIndex = 0; path = AcronymsListTests.xctest; sourceTree = BUILT_PRODUCTS_DIR; };
		4E5F510F2704756200236D99 /* AcronymsListTests.swift */ = {isa = PBXFileReference; lastKnownFileType = sourcecode.swift; path = AcronymsListTests.swift; sourceTree = "<group>"; };
		4E5F51112704756200236D99 /* Info.plist */ = {isa = PBXFileReference; lastKnownFileType = text.plist.xml; path = Info.plist; sourceTree = "<group>"; };
		4E5F51162704756200236D99 /* AcronymsListUITests.xctest */ = {isa = PBXFileReference; explicitFileType = wrapper.cfbundle; includeInIndex = 0; path = AcronymsListUITests.xctest; sourceTree = BUILT_PRODUCTS_DIR; };
		4E5F511A2704756200236D99 /* AcronymsListUITests.swift */ = {isa = PBXFileReference; lastKnownFileType = sourcecode.swift; path = AcronymsListUITests.swift; sourceTree = "<group>"; };
		4E5F511C2704756200236D99 /* Info.plist */ = {isa = PBXFileReference; lastKnownFileType = text.plist.xml; path = Info.plist; sourceTree = "<group>"; };
		4E5F512C270475A800236D99 /* ViewController.swift */ = {isa = PBXFileReference; fileEncoding = 4; lastKnownFileType = sourcecode.swift; path = ViewController.swift; sourceTree = "<group>"; };
		4E5F51352704764600236D99 /* AcronymsModel.swift */ = {isa = PBXFileReference; lastKnownFileType = sourcecode.swift; path = AcronymsModel.swift; sourceTree = "<group>"; };
		4E5F513E270476FC00236D99 /* AcronymsViewModel.swift */ = {isa = PBXFileReference; lastKnownFileType = sourcecode.swift; path = AcronymsViewModel.swift; sourceTree = "<group>"; };
		4E5F51462704778900236D99 /* Constant.swift */ = {isa = PBXFileReference; fileEncoding = 4; lastKnownFileType = sourcecode.swift; path = Constant.swift; sourceTree = "<group>"; };
/* End PBXFileReference section */

/* Begin PBXFrameworksBuildPhase section */
		4E5F50F22704755500236D99 /* Frameworks */ = {
			isa = PBXFrameworksBuildPhase;
			buildActionMask = 2147483647;
			files = (
			);
			runOnlyForDeploymentPostprocessing = 0;
		};
		4E5F51082704756200236D99 /* Frameworks */ = {
			isa = PBXFrameworksBuildPhase;
			buildActionMask = 2147483647;
			files = (
			);
			runOnlyForDeploymentPostprocessing = 0;
		};
		4E5F51132704756200236D99 /* Frameworks */ = {
			isa = PBXFrameworksBuildPhase;
			buildActionMask = 2147483647;
			files = (
			);
			runOnlyForDeploymentPostprocessing = 0;
		};
/* End PBXFrameworksBuildPhase section */

/* Begin PBXGroup section */
		4E5F50EC2704755500236D99 = {
			isa = PBXGroup;
			children = (
				4E5F50F72704755500236D99 /* AcronymsList */,
				4E5F510E2704756200236D99 /* AcronymsListTests */,
				4E5F51192704756200236D99 /* AcronymsListUITests */,
				4E5F50F62704755500236D99 /* Products */,
			);
			sourceTree = "<group>";
		};
		4E5F50F62704755500236D99 /* Products */ = {
			isa = PBXGroup;
			children = (
				4E5F50F52704755500236D99 /* AcronymsList.app */,
				4E5F510B2704756200236D99 /* AcronymsListTests.xctest */,
				4E5F51162704756200236D99 /* AcronymsListUITests.xctest */,
			);
			name = Products;
			sourceTree = "<group>";
		};
		4E5F50F72704755500236D99 /* AcronymsList */ = {
			isa = PBXGroup;
			children = (
				4E5F50F82704755500236D99 /* AppDelegate.swift */,
				4E5F50FA2704755500236D99 /* SceneDelegate.swift */,
				4E5F51462704778900236D99 /* Constant.swift */,
				4E5F513D2704769F00236D99 /* ViewModel */,
				4E5F512B270475A800236D99 /* ViewController */,
				4E5F5134270475F400236D99 /* Model */,
				4E5F50FE2704755500236D99 /* Main.storyboard */,
				4E5F51012704756100236D99 /* Assets.xcassets */,
				4E5F51032704756100236D99 /* LaunchScreen.storyboard */,
				4E5F51062704756100236D99 /* Info.plist */,
			);
			path = AcronymsList;
			sourceTree = "<group>";
		};
		4E5F510E2704756200236D99 /* AcronymsListTests */ = {
			isa = PBXGroup;
			children = (
				4E5F510F2704756200236D99 /* AcronymsListTests.swift */,
				4E5F51112704756200236D99 /* Info.plist */,
			);
			path = AcronymsListTests;
			sourceTree = "<group>";
		};
		4E5F51192704756200236D99 /* AcronymsListUITests */ = {
			isa = PBXGroup;
			children = (
				4E5F511A2704756200236D99 /* AcronymsListUITests.swift */,
				4E5F511C2704756200236D99 /* Info.plist */,
			);
			path = AcronymsListUITests;
			sourceTree = "<group>";
		};
		4E5F512B270475A800236D99 /* ViewController */ = {
			isa = PBXGroup;
			children = (
				4E5F512C270475A800236D99 /* ViewController.swift */,
			);
			path = ViewController;
			sourceTree = "<group>";
		};
		4E5F5134270475F400236D99 /* Model */ = {
			isa = PBXGroup;
			children = (
				4E5F51352704764600236D99 /* AcronymsModel.swift */,
			);
			path = Model;
			sourceTree = "<group>";
		};
		4E5F513D2704769F00236D99 /* ViewModel */ = {
			isa = PBXGroup;
			children = (
				4E5F513E270476FC00236D99 /* AcronymsViewModel.swift */,
			);
			path = ViewModel;
			sourceTree = "<group>";
		};
/* End PBXGroup section */

/* Begin PBXNativeTarget section */
		4E5F50F42704755500236D99 /* AcronymsList */ = {
			isa = PBXNativeTarget;
			buildConfigurationList = 4E5F511F2704756200236D99 /* Build configuration list for PBXNativeTarget "AcronymsList" */;
			buildPhases = (
				4E5F50F12704755500236D99 /* Sources */,
				4E5F50F22704755500236D99 /* Frameworks */,
				4E5F50F32704755500236D99 /* Resources */,
			);
			buildRules = (
			);
			dependencies = (
			);
			name = AcronymsList;
			productName = AcronymsList;
			productReference = 4E5F50F52704755500236D99 /* AcronymsList.app */;
			productType = "com.apple.product-type.application";
		};
		4E5F510A2704756200236D99 /* AcronymsListTests */ = {
			isa = PBXNativeTarget;
			buildConfigurationList = 4E5F51222704756200236D99 /* Build configuration list for PBXNativeTarget "AcronymsListTests" */;
			buildPhases = (
				4E5F51072704756200236D99 /* Sources */,
				4E5F51082704756200236D99 /* Frameworks */,
				4E5F51092704756200236D99 /* Resources */,
			);
			buildRules = (
			);
			dependencies = (
				4E5F510D2704756200236D99 /* PBXTargetDependency */,
			);
			name = AcronymsListTests;
			productName = AcronymsListTests;
			productReference = 4E5F510B2704756200236D99 /* AcronymsListTests.xctest */;
			productType = "com.apple.product-type.bundle.unit-test";
		};
		4E5F51152704756200236D99 /* AcronymsListUITests */ = {
			isa = PBXNativeTarget;
			buildConfigurationList = 4E5F51252704756200236D99 /* Build configuration list for PBXNativeTarget "AcronymsListUITests" */;
			buildPhases = (
				4E5F51122704756200236D99 /* Sources */,
				4E5F51132704756200236D99 /* Frameworks */,
				4E5F51142704756200236D99 /* Resources */,
			);
			buildRules = (
			);
			dependencies = (
				4E5F51182704756200236D99 /* PBXTargetDependency */,
			);
			name = AcronymsListUITests;
			productName = AcronymsListUITests;
			productReference = 4E5F51162704756200236D99 /* AcronymsListUITests.xctest */;
			productType = "com.apple.product-type.bundle.ui-testing";
		};
/* End PBXNativeTarget section */

/* Begin PBXProject section */
		4E5F50ED2704755500236D99 /* Project object */ = {
			isa = PBXProject;
			attributes = {
				LastSwiftUpdateCheck = 1200;
				LastUpgradeCheck = 1200;
				TargetAttributes = {
					4E5F50F42704755500236D99 = {
						CreatedOnToolsVersion = 12.0.1;
					};
					4E5F510A2704756200236D99 = {
						CreatedOnToolsVersion = 12.0.1;
						TestTargetID = 4E5F50F42704755500236D99;
					};
					4E5F51152704756200236D99 = {
						CreatedOnToolsVersion = 12.0.1;
						TestTargetID = 4E5F50F42704755500236D99;
					};
				};
			};
			buildConfigurationList = 4E5F50F02704755500236D99 /* Build configuration list for PBXProject "AcronymsList" */;
			compatibilityVersion = "Xcode 9.3";
			developmentRegion = en;
			hasScannedForEncodings = 0;
			knownRegions = (
				en,
				Base,
			);
			mainGroup = 4E5F50EC2704755500236D99;
			productRefGroup = 4E5F50F62704755500236D99 /* Products */;
			projectDirPath = "";
			projectRoot = "";
			targets = (
				4E5F50F42704755500236D99 /* AcronymsList */,
				4E5F510A2704756200236D99 /* AcronymsListTests */,
				4E5F51152704756200236D99 /* AcronymsListUITests */,
			);
		};
/* End PBXProject section */

/* Begin PBXResourcesBuildPhase section */
		4E5F50F32704755500236D99 /* Resources */ = {
			isa = PBXResourcesBuildPhase;
			buildActionMask = 2147483647;
			files = (
				4E5F51052704756100236D99 /* LaunchScreen.storyboard in Resources */,
				4E5F51022704756100236D99 /* Assets.xcassets in Resources */,
				4E5F51002704755500236D99 /* Main.storyboard in Resources */,
			);
			runOnlyForDeploymentPostprocessing = 0;
		};
		4E5F51092704756200236D99 /* Resources */ = {
			isa = PBXResourcesBuildPhase;
			buildActionMask = 2147483647;
			files = (
			);
			runOnlyForDeploymentPostprocessing = 0;
		};
		4E5F51142704756200236D99 /* Resources */ = {
			isa = PBXResourcesBuildPhase;
			buildActionMask = 2147483647;
			files = (
			);
			runOnlyForDeploymentPostprocessing = 0;
		};
/* End PBXResourcesBuildPhase section */

/* Begin PBXSourcesBuildPhase section */
		4E5F50F12704755500236D99 /* Sources */ = {
			isa = PBXSourcesBuildPhase;
			buildActionMask = 2147483647;
			files = (
				4E5F513F270476FC00236D99 /* AcronymsViewModel.swift in Sources */,
				4E5F50F92704755500236D99 /* AppDelegate.swift in Sources */,
				4E5F512D270475A800236D99 /* ViewController.swift in Sources */,
				4E5F50FB2704755500236D99 /* SceneDelegate.swift in Sources */,
				4E5F51362704764600236D99 /* AcronymsModel.swift in Sources */,
				4E5F51472704778900236D99 /* Constant.swift in Sources */,
			);
			runOnlyForDeploymentPostprocessing = 0;
		};
		4E5F51072704756200236D99 /* Sources */ = {
			isa = PBXSourcesBuildPhase;
			buildActionMask = 2147483647;
			files = (
				4E5F51102704756200236D99 /* AcronymsListTests.swift in Sources */,
			);
			runOnlyForDeploymentPostprocessing = 0;
		};
		4E5F51122704756200236D99 /* Sources */ = {
			isa = PBXSourcesBuildPhase;
			buildActionMask = 2147483647;
			files = (
				4E5F511B2704756200236D99 /* AcronymsListUITests.swift in Sources */,
			);
			runOnlyForDeploymentPostprocessing = 0;
		};
/* End PBXSourcesBuildPhase section */

/* Begin PBXTargetDependency section */
		4E5F510D2704756200236D99 /* PBXTargetDependency */ = {
			isa = PBXTargetDependency;
			target = 4E5F50F42704755500236D99 /* AcronymsList */;
			targetProxy = 4E5F510C2704756200236D99 /* PBXContainerItemProxy */;
		};
		4E5F51182704756200236D99 /* PBXTargetDependency */ = {
			isa = PBXTargetDependency;
			target = 4E5F50F42704755500236D99 /* AcronymsList */;
			targetProxy = 4E5F51172704756200236D99 /* PBXContainerItemProxy */;
		};
/* End PBXTargetDependency section */

/* Begin PBXVariantGroup section */
		4E5F50FE2704755500236D99 /* Main.storyboard */ = {
			isa = PBXVariantGroup;
			children = (
				4E5F50FF2704755500236D99 /* Base */,
			);
			name = Main.storyboard;
			sourceTree = "<group>";
		};
		4E5F51032704756100236D99 /* LaunchScreen.storyboard */ = {
			isa = PBXVariantGroup;
			children = (
				4E5F51042704756100236D99 /* Base */,
			);
			name = LaunchScreen.storyboard;
			sourceTree = "<group>";
		};
/* End PBXVariantGroup section */

/* Begin XCBuildConfiguration section */
		4E5F511D2704756200236D99 /* Debug */ = {
			isa = XCBuildConfiguration;
			buildSettings = {
				ALWAYS_SEARCH_USER_PATHS = NO;
				CLANG_ANALYZER_NONNULL = YES;
				CLANG_ANALYZER_NUMBER_OBJECT_CONVERSION = YES_AGGRESSIVE;
				CLANG_CXX_LANGUAGE_STANDARD = "gnu++14";
				CLANG_CXX_LIBRARY = "libc++";
				CLANG_ENABLE_MODULES = YES;
				CLANG_ENABLE_OBJC_ARC = YES;
				CLANG_ENABLE_OBJC_WEAK = YES;
				CLANG_WARN_BLOCK_CAPTURE_AUTORELEASING = YES;
				CLANG_WARN_BOOL_CONVERSION = YES;
				CLANG_WARN_COMMA = YES;
				CLANG_WARN_CONSTANT_CONVERSION = YES;
				CLANG_WARN_DEPRECATED_OBJC_IMPLEMENTATIONS = YES;
				CLANG_WARN_DIRECT_OBJC_ISA_USAGE = YES_ERROR;
				CLANG_WARN_DOCUMENTATION_COMMENTS = YES;
				CLANG_WARN_EMPTY_BODY = YES;
				CLANG_WARN_ENUM_CONVERSION = YES;
				CLANG_WARN_INFINITE_RECURSION = YES;
				CLANG_WARN_INT_CONVERSION = YES;
				CLANG_WARN_NON_LITERAL_NULL_CONVERSION = YES;
				CLANG_WARN_OBJC_IMPLICIT_RETAIN_SELF = YES;
				CLANG_WARN_OBJC_LITERAL_CONVERSION = YES;
				CLANG_WARN_OBJC_ROOT_CLASS = YES_ERROR;
				CLANG_WARN_QUOTED_INCLUDE_IN_FRAMEWORK_HEADER = YES;
				CLANG_WARN_RANGE_LOOP_ANALYSIS = YES;
				CLANG_WARN_STRICT_PROTOTYPES = YES;
				CLANG_WARN_SUSPICIOUS_MOVE = YES;
				CLANG_WARN_UNGUARDED_AVAILABILITY = YES_AGGRESSIVE;
				CLANG_WARN_UNREACHABLE_CODE = YES;
				CLANG_WARN__DUPLICATE_METHOD_MATCH = YES;
				COPY_PHASE_STRIP = NO;
				DEBUG_INFORMATION_FORMAT = dwarf;
				ENABLE_STRICT_OBJC_MSGSEND = YES;
				ENABLE_TESTABILITY = YES;
				GCC_C_LANGUAGE_STANDARD = gnu11;
				GCC_DYNAMIC_NO_PIC = NO;
				GCC_NO_COMMON_BLOCKS = YES;
				GCC_OPTIMIZATION_LEVEL = 0;
				GCC_PREPROCESSOR_DEFINITIONS = (
					"DEBUG=1",
					"$(inherited)",
				);
				GCC_WARN_64_TO_32_BIT_CONVERSION = YES;
				GCC_WARN_ABOUT_RETURN_TYPE = YES_ERROR;
				GCC_WARN_UNDECLARED_SELECTOR = YES;
				GCC_WARN_UNINITIALIZED_AUTOS = YES_AGGRESSIVE;
				GCC_WARN_UNUSED_FUNCTION = YES;
				GCC_WARN_UNUSED_VARIABLE = YES;
				IPHONEOS_DEPLOYMENT_TARGET = 14.0;
				MTL_ENABLE_DEBUG_INFO = INCLUDE_SOURCE;
				MTL_FAST_MATH = YES;
				ONLY_ACTIVE_ARCH = YES;
				SDKROOT = iphoneos;
				SWIFT_ACTIVE_COMPILATION_CONDITIONS = DEBUG;
				SWIFT_OPTIMIZATION_LEVEL = "-Onone";
			};
			name = Debug;
		};
		4E5F511E2704756200236D99 /* Release */ = {
			isa = XCBuildConfiguration;
			buildSettings = {
				ALWAYS_SEARCH_USER_PATHS = NO;
				CLANG_ANALYZER_NONNULL = YES;
				CLANG_ANALYZER_NUMBER_OBJECT_CONVERSION = YES_AGGRESSIVE;
				CLANG_CXX_LANGUAGE_STANDARD = "gnu++14";
				CLANG_CXX_LIBRARY = "libc++";
				CLANG_ENABLE_MODULES = YES;
				CLANG_ENABLE_OBJC_ARC = YES;
				CLANG_ENABLE_OBJC_WEAK = YES;
				CLANG_WARN_BLOCK_CAPTURE_AUTORELEASING = YES;
				CLANG_WARN_BOOL_CONVERSION = YES;
				CLANG_WARN_COMMA = YES;
				CLANG_WARN_CONSTANT_CONVERSION = YES;
				CLANG_WARN_DEPRECATED_OBJC_IMPLEMENTATIONS = YES;
				CLANG_WARN_DIRECT_OBJC_ISA_USAGE = YES_ERROR;
				CLANG_WARN_DOCUMENTATION_COMMENTS = YES;
				CLANG_WARN_EMPTY_BODY = YES;
				CLANG_WARN_ENUM_CONVERSION = YES;
				CLANG_WARN_INFINITE_RECURSION = YES;
				CLANG_WARN_INT_CONVERSION = YES;
				CLANG_WARN_NON_LITERAL_NULL_CONVERSION = YES;
				CLANG_WARN_OBJC_IMPLICIT_RETAIN_SELF = YES;
				CLANG_WARN_OBJC_LITERAL_CONVERSION = YES;
				CLANG_WARN_OBJC_ROOT_CLASS = YES_ERROR;
				CLANG_WARN_QUOTED_INCLUDE_IN_FRAMEWORK_HEADER = YES;
				CLANG_WARN_RANGE_LOOP_ANALYSIS = YES;
				CLANG_WARN_STRICT_PROTOTYPES = YES;
				CLANG_WARN_SUSPICIOUS_MOVE = YES;
				CLANG_WARN_UNGUARDED_AVAILABILITY = YES_AGGRESSIVE;
				CLANG_WARN_UNREACHABLE_CODE = YES;
				CLANG_WARN__DUPLICATE_METHOD_MATCH = YES;
				COPY_PHASE_STRIP = NO;
				DEBUG_INFORMATION_FORMAT = "dwarf-with-dsym";
				ENABLE_NS_ASSERTIONS = NO;
				ENABLE_STRICT_OBJC_MSGSEND = YES;
				GCC_C_LANGUAGE_STANDARD = gnu11;
				GCC_NO_COMMON_BLOCKS = YES;
				GCC_WARN_64_TO_32_BIT_CONVERSION = YES;
				GCC_WARN_ABOUT_RETURN_TYPE = YES_ERROR;
				GCC_WARN_UNDECLARED_SELECTOR = YES;
				GCC_WARN_UNINITIALIZED_AUTOS = YES_AGGRESSIVE;
				GCC_WARN_UNUSED_FUNCTION = YES;
				GCC_WARN_UNUSED_VARIABLE = YES;
				IPHONEOS_DEPLOYMENT_TARGET = 14.0;
				MTL_ENABLE_DEBUG_INFO = NO;
				MTL_FAST_MATH = YES;
				SDKROOT = iphoneos;
				SWIFT_COMPILATION_MODE = wholemodule;
				SWIFT_OPTIMIZATION_LEVEL = "-O";
				VALIDATE_PRODUCT = YES;
			};
			name = Release;
		};
		4E5F51202704756200236D99 /* Debug */ = {
			isa = XCBuildConfiguration;
			buildSettings = {
				ASSETCATALOG_COMPILER_APPICON_NAME = AppIcon;
				ASSETCATALOG_COMPILER_GLOBAL_ACCENT_COLOR_NAME = AccentColor;
				CODE_SIGN_STYLE = Automatic;
				INFOPLIST_FILE = AcronymsList/Info.plist;
				LD_RUNPATH_SEARCH_PATHS = (
					"$(inherited)",
					"@executable_path/Frameworks",
				);
				PRODUCT_BUNDLE_IDENTIFIER = com.acronymslist.AcronymsList;
				PRODUCT_NAME = "$(TARGET_NAME)";
				SWIFT_VERSION = 5.0;
				TARGETED_DEVICE_FAMILY = "1,2";
			};
			name = Debug;
		};
		4E5F51212704756200236D99 /* Release */ = {
			isa = XCBuildConfiguration;
			buildSettings = {
				ASSETCATALOG_COMPILER_APPICON_NAME = AppIcon;
				ASSETCATALOG_COMPILER_GLOBAL_ACCENT_COLOR_NAME = AccentColor;
				CODE_SIGN_STYLE = Automatic;
				INFOPLIST_FILE = AcronymsList/Info.plist;
				LD_RUNPATH_SEARCH_PATHS = (
					"$(inherited)",
					"@executable_path/Frameworks",
				);
				PRODUCT_BUNDLE_IDENTIFIER = com.acronymslist.AcronymsList;
				PRODUCT_NAME = "$(TARGET_NAME)";
				SWIFT_VERSION = 5.0;
				TARGETED_DEVICE_FAMILY = "1,2";
			};
			name = Release;
		};
		4E5F51232704756200236D99 /* Debug */ = {
			isa = XCBuildConfiguration;
			buildSettings = {
				ALWAYS_EMBED_SWIFT_STANDARD_LIBRARIES = YES;
				BUNDLE_LOADER = "$(TEST_HOST)";
				CODE_SIGN_STYLE = Automatic;
				INFOPLIST_FILE = AcronymsListTests/Info.plist;
				IPHONEOS_DEPLOYMENT_TARGET = 14.0;
				LD_RUNPATH_SEARCH_PATHS = (
					"$(inherited)",
					"@executable_path/Frameworks",
					"@loader_path/Frameworks",
				);
				PRODUCT_BUNDLE_IDENTIFIER = com.acronymslist.AcronymsListTests;
				PRODUCT_NAME = "$(TARGET_NAME)";
				SWIFT_VERSION = 5.0;
				TARGETED_DEVICE_FAMILY = "1,2";
				TEST_HOST = "$(BUILT_PRODUCTS_DIR)/AcronymsList.app/AcronymsList";
			};
			name = Debug;
		};
		4E5F51242704756200236D99 /* Release */ = {
			isa = XCBuildConfiguration;
			buildSettings = {
				ALWAYS_EMBED_SWIFT_STANDARD_LIBRARIES = YES;
				BUNDLE_LOADER = "$(TEST_HOST)";
				CODE_SIGN_STYLE = Automatic;
				INFOPLIST_FILE = AcronymsListTests/Info.plist;
				IPHONEOS_DEPLOYMENT_TARGET = 14.0;
				LD_RUNPATH_SEARCH_PATHS = (
					"$(inherited)",
					"@executable_path/Frameworks",
					"@loader_path/Frameworks",
				);
				PRODUCT_BUNDLE_IDENTIFIER = com.acronymslist.AcronymsListTests;
				PRODUCT_NAME = "$(TARGET_NAME)";
				SWIFT_VERSION = 5.0;
				TARGETED_DEVICE_FAMILY = "1,2";
				TEST_HOST = "$(BUILT_PRODUCTS_DIR)/AcronymsList.app/AcronymsList";
			};
			name = Release;
		};
		4E5F51262704756200236D99 /* Debug */ = {
			isa = XCBuildConfiguration;
			buildSettings = {
				ALWAYS_EMBED_SWIFT_STANDARD_LIBRARIES = YES;
				CODE_SIGN_STYLE = Automatic;
				INFOPLIST_FILE = AcronymsListUITests/Info.plist;
				LD_RUNPATH_SEARCH_PATHS = (
					"$(inherited)",
					"@executable_path/Frameworks",
					"@loader_path/Frameworks",
				);
				PRODUCT_BUNDLE_IDENTIFIER = com.acronymslist.AcronymsListUITests;
				PRODUCT_NAME = "$(TARGET_NAME)";
				SWIFT_VERSION = 5.0;
				TARGETED_DEVICE_FAMILY = "1,2";
				TEST_TARGET_NAME = AcronymsList;
			};
			name = Debug;
		};
		4E5F51272704756200236D99 /* Release */ = {
			isa = XCBuildConfiguration;
			buildSettings = {
				ALWAYS_EMBED_SWIFT_STANDARD_LIBRARIES = YES;
				CODE_SIGN_STYLE = Automatic;
				INFOPLIST_FILE = AcronymsListUITests/Info.plist;
				LD_RUNPATH_SEARCH_PATHS = (
					"$(inherited)",
					"@executable_path/Frameworks",
					"@loader_path/Frameworks",
				);
				PRODUCT_BUNDLE_IDENTIFIER = com.acronymslist.AcronymsListUITests;
				PRODUCT_NAME = "$(TARGET_NAME)";
				SWIFT_VERSION = 5.0;
				TARGETED_DEVICE_FAMILY = "1,2";
				TEST_TARGET_NAME = AcronymsList;
			};
			name = Release;
		};
/* End XCBuildConfiguration section */

/* Begin XCConfigurationList section */
		4E5F50F02704755500236D99 /* Build configuration list for PBXProject "AcronymsList" */ = {
			isa = XCConfigurationList;
			buildConfigurations = (
				4E5F511D2704756200236D99 /* Debug */,
				4E5F511E2704756200236D99 /* Release */,
			);
			defaultConfigurationIsVisible = 0;
			defaultConfigurationName = Release;
		};
		4E5F511F2704756200236D99 /* Build configuration list for PBXNativeTarget "AcronymsList" */ = {
			isa = XCConfigurationList;
			buildConfigurations = (
				4E5F51202704756200236D99 /* Debug */,
				4E5F51212704756200236D99 /* Release */,
			);
			defaultConfigurationIsVisible = 0;
			defaultConfigurationName = Release;
		};
		4E5F51222704756200236D99 /* Build configuration list for PBXNativeTarget "AcronymsListTests" */ = {
			isa = XCConfigurationList;
			buildConfigurations = (
				4E5F51232704756200236D99 /* Debug */,
				4E5F51242704756200236D99 /* Release */,
			);
			defaultConfigurationIsVisible = 0;
			defaultConfigurationName = Release;
		};
		4E5F51252704756200236D99 /* Build configuration list for PBXNativeTarget "AcronymsListUITests" */ = {
			isa = XCConfigurationList;
			buildConfigurations = (
				4E5F51262704756200236D99 /* Debug */,
				4E5F51272704756200236D99 /* Release */,
			);
			defaultConfigurationIsVisible = 0;
			defaultConfigurationName = Release;
		};
/* End XCConfigurationList section */
	};
	rootObject = 4E5F50ED2704755500236D99 /* Project object */;
}
